{
  "name": "hsx",
  "version": "0.0.0",
  "lockfileVersion": 3,
  "requires": true,
  "packages": {
    "": {
      "name": "hsx",
      "version": "0.0.0",
      "devDependencies": {
        "@types/k8x": "file:../../@types/k8x",
        "@types/node": "^22.4.1"
      }
    },
    "..": {
      "extraneous": true
    },
    "../..": {
      "name": "@types/k8x",
      "version": "0.0.0",
      "dev": true,
      "devDependencies": {
        "@kubernetes/client-node": "^0.21.0",
        "@types/node": "^22.4.1",
        "typescript": "^5.5.3"
      }
    },
    "../../@types/k8x": {
      "version": "0.0.3",
      "dev": true
    },
    "node_modules/@types/k8x": {
      "resolved": "../../@types/k8x",
      "link": true
    },
    "node_modules/@types/node": {
      "version": "22.4.1",
      "resolved": "https://registry.npmjs.org/@types/node/-/node-22.4.1.tgz",
      "integrity": "sha512-1tbpb9325+gPnKK0dMm+/LMriX0vKxf6RnB0SZUqfyVkQ4fMgUSySqhxE/y8Jvs4NyF1yHzTfG9KlnkIODxPKg==",
      "dev": true,
      "dependencies": {
        "undici-types": "~6.19.2"
      }
    },
    "node_modules/undici-types": {
      "version": "6.19.8",
      "resolved": "https://registry.npmjs.org/undici-types/-/undici-types-6.19.8.tgz",
      "integrity": "sha512-ve2KP6f/JnbPBFyobGHuerC9g1FYGn/F8n1LWTwNxCEzd6IfqTwUQcNXgEtmmQ6DlRrC1hrSrBnCZPokRrDHjw==",
      "dev": true
    }
  }
}
